
Microsoft Visual Studio Solution File, Format Version 12.00
# Visual Studio Version 16
VisualStudioVersion = 16.0.30204.135
MinimumVisualStudioVersion = 10.0.40219.1
Project("{FAE04EC0-301F-11D3-BF4B-00C04F79EFBC}") = "EventsAndDelegate_Exercise2", "EventsAndDelegate_Exercise2\EventsAndDelegate_Exercise2.csproj", "{79EE995E-3FE7-4D0D-BA5C-EA47B4AD1A37}"
EndProject
Global
	GlobalSection(SolutionConfigurationPlatforms) = preSolution
		Debug|Any CPU = Debug|Any CPU
		Release|Any CPU = Release|Any CPU
	EndGlobalSection
	GlobalSection(ProjectConfigurationPlatforms) = postSolution
		{79EE995E-3FE7-4D0D-BA5C-EA47B4AD1A37}.Debug|Any CPU.ActiveCfg = Debug|Any CPU
		{79EE995E-3FE7-4D0D-BA5C-EA47B4AD1A37}.Debug|Any CPU.Build.0 = Debug|Any CPU
		{79EE995E-3FE7-4D0D-BA5C-EA47B4AD1A37}.Release|Any CPU.ActiveCfg = Release|Any CPU
		{79EE995E-3FE7-4D0D-BA5C-EA47B4AD1A37}.Release|Any CPU.Build.0 = Release|Any CPU
	EndGlobalSection
	GlobalSection(SolutionProperties) = preSolution
		HideSolutionNode = FALSE
	EndGlobalSection
	GlobalSection(ExtensibilityGlobals) = postSolution
		SolutionGuid = {CA2A2ACE-1E20-406F-A656-980F32AB577D}
	EndGlobalSection
EndGlobal
