
Microsoft Visual Studio Solution File, Format Version 12.00
# Visual Studio Version 16
VisualStudioVersion = 16.0.30204.135
MinimumVisualStudioVersion = 10.0.40219.1
Project("{FAE04EC0-301F-11D3-BF4B-00C04F79EFBC}") = "Delegate", "Delegate\Delegate.csproj", "{9817BB30-72CC-4AB4-B0D2-392EA34171A9}"
EndProject
Project("{FAE04EC0-301F-11D3-BF4B-00C04F79EFBC}") = "Delegate_Two", "Delegate_Two\Delegate_Two.csproj", "{3D35FC30-ACE1-4C91-B1E4-BBB36278BFC2}"
EndProject
Global
	GlobalSection(SolutionConfigurationPlatforms) = preSolution
		Debug|Any CPU = Debug|Any CPU
		Release|Any CPU = Release|Any CPU
	EndGlobalSection
	GlobalSection(ProjectConfigurationPlatforms) = postSolution
		{9817BB30-72CC-4AB4-B0D2-392EA34171A9}.Debug|Any CPU.ActiveCfg = Debug|Any CPU
		{9817BB30-72CC-4AB4-B0D2-392EA34171A9}.Debug|Any CPU.Build.0 = Debug|Any CPU
		{9817BB30-72CC-4AB4-B0D2-392EA34171A9}.Release|Any CPU.ActiveCfg = Release|Any CPU
		{9817BB30-72CC-4AB4-B0D2-392EA34171A9}.Release|Any CPU.Build.0 = Release|Any CPU
		{3D35FC30-ACE1-4C91-B1E4-BBB36278BFC2}.Debug|Any CPU.ActiveCfg = Debug|Any CPU
		{3D35FC30-ACE1-4C91-B1E4-BBB36278BFC2}.Debug|Any CPU.Build.0 = Debug|Any CPU
		{3D35FC30-ACE1-4C91-B1E4-BBB36278BFC2}.Release|Any CPU.ActiveCfg = Release|Any CPU
		{3D35FC30-ACE1-4C91-B1E4-BBB36278BFC2}.Release|Any CPU.Build.0 = Release|Any CPU
	EndGlobalSection
	GlobalSection(SolutionProperties) = preSolution
		HideSolutionNode = FALSE
	EndGlobalSection
	GlobalSection(ExtensibilityGlobals) = postSolution
		SolutionGuid = {8A129329-61A0-4381-A13F-589ACB81A3E1}
	EndGlobalSection
EndGlobal
