
Microsoft Visual Studio Solution File, Format Version 12.00
# Visual Studio Version 16
VisualStudioVersion = 16.0.30225.117
MinimumVisualStudioVersion = 10.0.40219.1
Project("{FAE04EC0-301F-11D3-BF4B-00C04F79EFBC}") = "SEDC.CLass11.SerializationDeserialization", "SEDC.CLass11.SerializationDeserialization\SEDC.CLass11.SerializationDeserialization.csproj", "{AB349814-7EBB-484B-B6AB-1340E5A1F59D}"
EndProject
Global
	GlobalSection(SolutionConfigurationPlatforms) = preSolution
		Debug|Any CPU = Debug|Any CPU
		Release|Any CPU = Release|Any CPU
	EndGlobalSection
	GlobalSection(ProjectConfigurationPlatforms) = postSolution
		{AB349814-7EBB-484B-B6AB-1340E5A1F59D}.Debug|Any CPU.ActiveCfg = Debug|Any CPU
		{AB349814-7EBB-484B-B6AB-1340E5A1F59D}.Debug|Any CPU.Build.0 = Debug|Any CPU
		{AB349814-7EBB-484B-B6AB-1340E5A1F59D}.Release|Any CPU.ActiveCfg = Release|Any CPU
		{AB349814-7EBB-484B-B6AB-1340E5A1F59D}.Release|Any CPU.Build.0 = Release|Any CPU
	EndGlobalSection
	GlobalSection(SolutionProperties) = preSolution
		HideSolutionNode = FALSE
	EndGlobalSection
	GlobalSection(ExtensibilityGlobals) = postSolution
		SolutionGuid = {9FE7BA67-B88B-47EF-A8AF-54C38ADD427D}
	EndGlobalSection
EndGlobal
