
Microsoft Visual Studio Solution File, Format Version 12.00
# Visual Studio Version 16
VisualStudioVersion = 16.0.30114.105
MinimumVisualStudioVersion = 10.0.40219.1
Project("{9A19103F-16F7-4668-BE54-9A1E7A4F7556}") = "AbstracAndtInterface", "AbstracAndtInterface\AbstracAndtInterface.csproj", "{B6188AF6-C423-4FE3-A193-3F6148F7191B}"
EndProject
Project("{FAE04EC0-301F-11D3-BF4B-00C04F79EFBC}") = "AbstractCLassProject", "AbstractCLassProject\AbstractCLassProject.csproj", "{BDA59B41-4408-4C08-ADF9-1748F913DB4B}"
EndProject
Project("{FAE04EC0-301F-11D3-BF4B-00C04F79EFBC}") = "InterfaceProject", "InterfaceProject\InterfaceProject.csproj", "{3AAF66E8-5E1D-4665-B9B3-0FFF9E0B0D5B}"
EndProject
Global
	GlobalSection(SolutionConfigurationPlatforms) = preSolution
		Debug|Any CPU = Debug|Any CPU
		Release|Any CPU = Release|Any CPU
	EndGlobalSection
	GlobalSection(ProjectConfigurationPlatforms) = postSolution
		{B6188AF6-C423-4FE3-A193-3F6148F7191B}.Debug|Any CPU.ActiveCfg = Debug|Any CPU
		{B6188AF6-C423-4FE3-A193-3F6148F7191B}.Debug|Any CPU.Build.0 = Debug|Any CPU
		{B6188AF6-C423-4FE3-A193-3F6148F7191B}.Release|Any CPU.ActiveCfg = Release|Any CPU
		{B6188AF6-C423-4FE3-A193-3F6148F7191B}.Release|Any CPU.Build.0 = Release|Any CPU
		{BDA59B41-4408-4C08-ADF9-1748F913DB4B}.Debug|Any CPU.ActiveCfg = Debug|Any CPU
		{BDA59B41-4408-4C08-ADF9-1748F913DB4B}.Debug|Any CPU.Build.0 = Debug|Any CPU
		{BDA59B41-4408-4C08-ADF9-1748F913DB4B}.Release|Any CPU.ActiveCfg = Release|Any CPU
		{BDA59B41-4408-4C08-ADF9-1748F913DB4B}.Release|Any CPU.Build.0 = Release|Any CPU
		{3AAF66E8-5E1D-4665-B9B3-0FFF9E0B0D5B}.Debug|Any CPU.ActiveCfg = Debug|Any CPU
		{3AAF66E8-5E1D-4665-B9B3-0FFF9E0B0D5B}.Debug|Any CPU.Build.0 = Debug|Any CPU
		{3AAF66E8-5E1D-4665-B9B3-0FFF9E0B0D5B}.Release|Any CPU.ActiveCfg = Release|Any CPU
		{3AAF66E8-5E1D-4665-B9B3-0FFF9E0B0D5B}.Release|Any CPU.Build.0 = Release|Any CPU
	EndGlobalSection
	GlobalSection(SolutionProperties) = preSolution
		HideSolutionNode = FALSE
	EndGlobalSection
	GlobalSection(ExtensibilityGlobals) = postSolution
		SolutionGuid = {00E6D806-8382-4C36-B1F9-12592CEB970F}
	EndGlobalSection
EndGlobal
