
Microsoft Visual Studio Solution File, Format Version 12.00
# Visual Studio Version 16
VisualStudioVersion = 16.0.29728.190
MinimumVisualStudioVersion = 10.0.40219.1
Project("{FAE04EC0-301F-11D3-BF4B-00C04F79EFBC}") = "SEDC.Adv.TryBeingFit.Domain", "SEDC.Adv.TryBeingFit.Domain\SEDC.Adv.TryBeingFit.Domain.csproj", "{265BAC08-94E6-4C70-A481-436DA644D266}"
EndProject
Project("{FAE04EC0-301F-11D3-BF4B-00C04F79EFBC}") = "SEDC.Adv.TryBeingFit.Services", "SEDC.Adv.TryBeingFit.Services\SEDC.Adv.TryBeingFit.Services.csproj", "{92B9503E-5A47-42C6-8759-4080D4C3886E}"
EndProject
Project("{FAE04EC0-301F-11D3-BF4B-00C04F79EFBC}") = "SEDC.Adv.TryBeingFit.App", "SEDC.Adv.TryBeingFit.App\SEDC.Adv.TryBeingFit.App.csproj", "{F6BE7C8D-CF98-4E4C-B684-D4D54E86D314}"
EndProject
Global
	GlobalSection(SolutionConfigurationPlatforms) = preSolution
		Debug|Any CPU = Debug|Any CPU
		Release|Any CPU = Release|Any CPU
	EndGlobalSection
	GlobalSection(ProjectConfigurationPlatforms) = postSolution
		{265BAC08-94E6-4C70-A481-436DA644D266}.Debug|Any CPU.ActiveCfg = Debug|Any CPU
		{265BAC08-94E6-4C70-A481-436DA644D266}.Debug|Any CPU.Build.0 = Debug|Any CPU
		{265BAC08-94E6-4C70-A481-436DA644D266}.Release|Any CPU.ActiveCfg = Release|Any CPU
		{265BAC08-94E6-4C70-A481-436DA644D266}.Release|Any CPU.Build.0 = Release|Any CPU
		{92B9503E-5A47-42C6-8759-4080D4C3886E}.Debug|Any CPU.ActiveCfg = Debug|Any CPU
		{92B9503E-5A47-42C6-8759-4080D4C3886E}.Debug|Any CPU.Build.0 = Debug|Any CPU
		{92B9503E-5A47-42C6-8759-4080D4C3886E}.Release|Any CPU.ActiveCfg = Release|Any CPU
		{92B9503E-5A47-42C6-8759-4080D4C3886E}.Release|Any CPU.Build.0 = Release|Any CPU
		{F6BE7C8D-CF98-4E4C-B684-D4D54E86D314}.Debug|Any CPU.ActiveCfg = Debug|Any CPU
		{F6BE7C8D-CF98-4E4C-B684-D4D54E86D314}.Debug|Any CPU.Build.0 = Debug|Any CPU
		{F6BE7C8D-CF98-4E4C-B684-D4D54E86D314}.Release|Any CPU.ActiveCfg = Release|Any CPU
		{F6BE7C8D-CF98-4E4C-B684-D4D54E86D314}.Release|Any CPU.Build.0 = Release|Any CPU
	EndGlobalSection
	GlobalSection(SolutionProperties) = preSolution
		HideSolutionNode = FALSE
	EndGlobalSection
	GlobalSection(ExtensibilityGlobals) = postSolution
		SolutionGuid = {387C2ECF-3796-4468-AB19-274A02FA98BE}
	EndGlobalSection
EndGlobal
