
Microsoft Visual Studio Solution File, Format Version 12.00
# Visual Studio Version 16
VisualStudioVersion = 16.0.29806.167
MinimumVisualStudioVersion = 10.0.40219.1
Project("{FAE04EC0-301F-11D3-BF4B-00C04F79EFBC}") = "Subscription", "Subscription\Subscription.csproj", "{FA4DBCFE-3A11-4B2F-81B0-944DD24ED559}"
EndProject
Global
	GlobalSection(SolutionConfigurationPlatforms) = preSolution
		Debug|Any CPU = Debug|Any CPU
		Release|Any CPU = Release|Any CPU
	EndGlobalSection
	GlobalSection(ProjectConfigurationPlatforms) = postSolution
		{FA4DBCFE-3A11-4B2F-81B0-944DD24ED559}.Debug|Any CPU.ActiveCfg = Debug|Any CPU
		{FA4DBCFE-3A11-4B2F-81B0-944DD24ED559}.Debug|Any CPU.Build.0 = Debug|Any CPU
		{FA4DBCFE-3A11-4B2F-81B0-944DD24ED559}.Release|Any CPU.ActiveCfg = Release|Any CPU
		{FA4DBCFE-3A11-4B2F-81B0-944DD24ED559}.Release|Any CPU.Build.0 = Release|Any CPU
	EndGlobalSection
	GlobalSection(SolutionProperties) = preSolution
		HideSolutionNode = FALSE
	EndGlobalSection
	GlobalSection(ExtensibilityGlobals) = postSolution
		SolutionGuid = {EB4D0729-69FD-4B8E-82B2-ED5FA809BE6B}
	EndGlobalSection
EndGlobal
