
Microsoft Visual Studio Solution File, Format Version 12.00
# Visual Studio Version 16
VisualStudioVersion = 16.0.30204.135
MinimumVisualStudioVersion = 10.0.40219.1
Project("{9A19103F-16F7-4668-BE54-9A1E7A4F7556}") = "Delegate", "Delegate\Delegate.csproj", "{194CC75C-E65C-47DB-922D-9967A7FB546E}"
EndProject
Project("{FAE04EC0-301F-11D3-BF4B-00C04F79EFBC}") = "Del_Ev_something", "Del_Ev_something\Del_Ev_something.csproj", "{2E551358-0BB4-4D4E-8486-A781ECA5ED4B}"
EndProject
Global
	GlobalSection(SolutionConfigurationPlatforms) = preSolution
		Debug|Any CPU = Debug|Any CPU
		Release|Any CPU = Release|Any CPU
	EndGlobalSection
	GlobalSection(ProjectConfigurationPlatforms) = postSolution
		{194CC75C-E65C-47DB-922D-9967A7FB546E}.Debug|Any CPU.ActiveCfg = Debug|Any CPU
		{194CC75C-E65C-47DB-922D-9967A7FB546E}.Debug|Any CPU.Build.0 = Debug|Any CPU
		{194CC75C-E65C-47DB-922D-9967A7FB546E}.Release|Any CPU.ActiveCfg = Release|Any CPU
		{194CC75C-E65C-47DB-922D-9967A7FB546E}.Release|Any CPU.Build.0 = Release|Any CPU
		{2E551358-0BB4-4D4E-8486-A781ECA5ED4B}.Debug|Any CPU.ActiveCfg = Debug|Any CPU
		{2E551358-0BB4-4D4E-8486-A781ECA5ED4B}.Debug|Any CPU.Build.0 = Debug|Any CPU
		{2E551358-0BB4-4D4E-8486-A781ECA5ED4B}.Release|Any CPU.ActiveCfg = Release|Any CPU
		{2E551358-0BB4-4D4E-8486-A781ECA5ED4B}.Release|Any CPU.Build.0 = Release|Any CPU
	EndGlobalSection
	GlobalSection(SolutionProperties) = preSolution
		HideSolutionNode = FALSE
	EndGlobalSection
	GlobalSection(ExtensibilityGlobals) = postSolution
		SolutionGuid = {EBA97B06-7B2D-41FB-AC83-7CF11A3B32C1}
	EndGlobalSection
EndGlobal
